
Microsoft Visual Studio Solution File, Format Version 12.00
# Visual Studio 2012
Project("{FAE04EC0-301F-11D3-BF4B-00C04F79EFBC}") = "DirCommand", "DirCommand\DirCommand.csproj", "{F44FE59B-BEBF-490B-8CE4-B57EAC207173}"
EndProject
Project("{FAE04EC0-301F-11D3-BF4B-00C04F79EFBC}") = "DirCommand.UnitTest", "DirCommand.UnitTest\DirCommand.UnitTest.csproj", "{700E44F5-A7D4-4CD9-8669-B7F89424EF08}"
EndProject
Project("{2150E333-8FDC-42A3-9474-1A3956D46DE8}") = "Solution Items", "Solution Items", "{5CF08D79-960C-44CF-B6DF-986949FE2EB8}"
	ProjectSection(SolutionItems) = preProject
		ILMerge.exe = ILMerge.exe
		PostBuild.ps1 = PostBuild.ps1
	EndProjectSection
EndProject
Project("{FAE04EC0-301F-11D3-BF4B-00C04F79EFBC}") = "DirCommand.IntegrationTest", "DirCommand.IntegrationTest\DirCommand.IntegrationTest.csproj", "{0BE17063-ABBF-4EF7-A7E4-1F810C02B971}"
EndProject
Global
	GlobalSection(SolutionConfigurationPlatforms) = preSolution
		Debug|Any CPU = Debug|Any CPU
		Release|Any CPU = Release|Any CPU
	EndGlobalSection
	GlobalSection(ProjectConfigurationPlatforms) = postSolution
		{F44FE59B-BEBF-490B-8CE4-B57EAC207173}.Debug|Any CPU.ActiveCfg = Debug|Any CPU
		{F44FE59B-BEBF-490B-8CE4-B57EAC207173}.Debug|Any CPU.Build.0 = Debug|Any CPU
		{F44FE59B-BEBF-490B-8CE4-B57EAC207173}.Release|Any CPU.ActiveCfg = Release|Any CPU
		{F44FE59B-BEBF-490B-8CE4-B57EAC207173}.Release|Any CPU.Build.0 = Release|Any CPU
		{700E44F5-A7D4-4CD9-8669-B7F89424EF08}.Debug|Any CPU.ActiveCfg = Debug|Any CPU
		{700E44F5-A7D4-4CD9-8669-B7F89424EF08}.Debug|Any CPU.Build.0 = Debug|Any CPU
		{700E44F5-A7D4-4CD9-8669-B7F89424EF08}.Release|Any CPU.ActiveCfg = Release|Any CPU
		{700E44F5-A7D4-4CD9-8669-B7F89424EF08}.Release|Any CPU.Build.0 = Release|Any CPU
		{0BE17063-ABBF-4EF7-A7E4-1F810C02B971}.Debug|Any CPU.ActiveCfg = Debug|Any CPU
		{0BE17063-ABBF-4EF7-A7E4-1F810C02B971}.Debug|Any CPU.Build.0 = Debug|Any CPU
		{0BE17063-ABBF-4EF7-A7E4-1F810C02B971}.Release|Any CPU.ActiveCfg = Release|Any CPU
		{0BE17063-ABBF-4EF7-A7E4-1F810C02B971}.Release|Any CPU.Build.0 = Release|Any CPU
	EndGlobalSection
	GlobalSection(SolutionProperties) = preSolution
		HideSolutionNode = FALSE
	EndGlobalSection
EndGlobal
